// !$*UTF8*$!
{
	archiveVersion = 1;
	classes = {
	};
	objectVersion = 51;
	objects = {

/* Begin PBXBuildFile section */
		5C031513F4C4634DB0D5A99E /* Pods_CryptocoinChallenge.framework in Frameworks */ = {isa = PBXBuildFile; fileRef = 61EEB71DD691BAA6A1F3C7DC /* Pods_CryptocoinChallenge.framework */; };
		EC99F1A024C742670006B9B1 /* AppDelegate.swift in Sources */ = {isa = PBXBuildFile; fileRef = EC99F19F24C742670006B9B1 /* AppDelegate.swift */; };
		EC99F1A924C742680006B9B1 /* Assets.xcassets in Resources */ = {isa = PBXBuildFile; fileRef = EC99F1A824C742680006B9B1 /* Assets.xcassets */; };
		EC99F1AC24C742680006B9B1 /* LaunchScreen.storyboard in Resources */ = {isa = PBXBuildFile; fileRef = EC99F1AA24C742680006B9B1 /* LaunchScreen.storyboard */; };
		EC99F1B724C742680006B9B1 /* CryptocoinChallengeTests.swift in Sources */ = {isa = PBXBuildFile; fileRef = EC99F1B624C742680006B9B1 /* CryptocoinChallengeTests.swift */; };
		EC99F1C724C743530006B9B1 /* CoordinatorRespectable.swift in Sources */ = {isa = PBXBuildFile; fileRef = EC99F1C624C743530006B9B1 /* CoordinatorRespectable.swift */; };
		EC99F1C924C743930006B9B1 /* ApplicationCoordinator.swift in Sources */ = {isa = PBXBuildFile; fileRef = EC99F1C824C743930006B9B1 /* ApplicationCoordinator.swift */; };
		EC99F1CB24C7441A0006B9B1 /* TabBarViewController.swift in Sources */ = {isa = PBXBuildFile; fileRef = EC99F1CA24C7441A0006B9B1 /* TabBarViewController.swift */; };
		EC99F1CD24C746B50006B9B1 /* AssetsController.swift in Sources */ = {isa = PBXBuildFile; fileRef = EC99F1CC24C746B50006B9B1 /* AssetsController.swift */; };
		EC99F1CF24C746D10006B9B1 /* WalletsController.swift in Sources */ = {isa = PBXBuildFile; fileRef = EC99F1CE24C746D10006B9B1 /* WalletsController.swift */; };
		EC99F1D024C753500006B9B1 /* SceneDelegate.swift in Sources */ = {isa = PBXBuildFile; fileRef = EC99F1A124C742670006B9B1 /* SceneDelegate.swift */; };
		EC99F1D324C764540006B9B1 /* UISegmentedControl+Extension.swift in Sources */ = {isa = PBXBuildFile; fileRef = EC99F1D224C764540006B9B1 /* UISegmentedControl+Extension.swift */; };
		EC99F1D724C76A090006B9B1 /* SegmentedControlView.swift in Sources */ = {isa = PBXBuildFile; fileRef = EC99F1D624C76A090006B9B1 /* SegmentedControlView.swift */; };
		EC99F1D924C76B880006B9B1 /* BaseViewController.swift in Sources */ = {isa = PBXBuildFile; fileRef = EC99F1D824C76B880006B9B1 /* BaseViewController.swift */; };
		EC99F1DC24C76CE00006B9B1 /* UIStackView+Extension.swift in Sources */ = {isa = PBXBuildFile; fileRef = EC99F1DB24C76CE00006B9B1 /* UIStackView+Extension.swift */; };
		EC99F1DE24C7705E0006B9B1 /* UIViewController+Extension.swift in Sources */ = {isa = PBXBuildFile; fileRef = EC99F1DD24C7705E0006B9B1 /* UIViewController+Extension.swift */; };
		EC99F1E324C7843E0006B9B1 /* CryptocoinModel.swift in Sources */ = {isa = PBXBuildFile; fileRef = EC99F1E224C7843E0006B9B1 /* CryptocoinModel.swift */; };
		EC99F1E524C784660006B9B1 /* CommodityModel.swift in Sources */ = {isa = PBXBuildFile; fileRef = EC99F1E424C784660006B9B1 /* CommodityModel.swift */; };
		EC99F1E724C784770006B9B1 /* FiatModel.swift in Sources */ = {isa = PBXBuildFile; fileRef = EC99F1E624C784770006B9B1 /* FiatModel.swift */; };
		EC99F1E924C784960006B9B1 /* WalletModel.swift in Sources */ = {isa = PBXBuildFile; fileRef = EC99F1E824C784960006B9B1 /* WalletModel.swift */; };
		EC99F1EB24C784B40006B9B1 /* CommodityWalletModel.swift in Sources */ = {isa = PBXBuildFile; fileRef = EC99F1EA24C784B40006B9B1 /* CommodityWalletModel.swift */; };
		EC99F1ED24C784D10006B9B1 /* FiatWalletModel.swift in Sources */ = {isa = PBXBuildFile; fileRef = EC99F1EC24C784D10006B9B1 /* FiatWalletModel.swift */; };
		EC99F1F424C78EBC0006B9B1 /* CryptocoinViewModel.swift in Sources */ = {isa = PBXBuildFile; fileRef = EC99F1F324C78EBC0006B9B1 /* CryptocoinViewModel.swift */; };
		EC99F1F624C7915F0006B9B1 /* Mastrerdata.json in Resources */ = {isa = PBXBuildFile; fileRef = EC99F1F524C7915F0006B9B1 /* Mastrerdata.json */; };
		EC99F1F924C792130006B9B1 /* DataManager.swift in Sources */ = {isa = PBXBuildFile; fileRef = EC99F1F824C792130006B9B1 /* DataManager.swift */; };
		EC99F1FB24C79ADE0006B9B1 /* CollectionBaseProtocol.swift in Sources */ = {isa = PBXBuildFile; fileRef = EC99F1FA24C79ADE0006B9B1 /* CollectionBaseProtocol.swift */; };
		EC99F1FD24C87F790006B9B1 /* AssetsViewModel.swift in Sources */ = {isa = PBXBuildFile; fileRef = EC99F1FC24C87F790006B9B1 /* AssetsViewModel.swift */; };
		EC99F20024C87F920006B9B1 /* WalletsViewModel.swift in Sources */ = {isa = PBXBuildFile; fileRef = EC99F1FF24C87F920006B9B1 /* WalletsViewModel.swift */; };
/* End PBXBuildFile section */

/* Begin PBXContainerItemProxy section */
		EC99F1B324C742680006B9B1 /* PBXContainerItemProxy */ = {
			isa = PBXContainerItemProxy;
			containerPortal = EC99F19424C742670006B9B1 /* Project object */;
			proxyType = 1;
			remoteGlobalIDString = EC99F19B24C742670006B9B1;
			remoteInfo = CryptocoinChallenge;
		};
/* End PBXContainerItemProxy section */

/* Begin PBXFileReference section */
		5C432043992ED172B8007188 /* Pods-CryptocoinChallenge.release.xcconfig */ = {isa = PBXFileReference; includeInIndex = 1; lastKnownFileType = text.xcconfig; name = "Pods-CryptocoinChallenge.release.xcconfig"; path = "Target Support Files/Pods-CryptocoinChallenge/Pods-CryptocoinChallenge.release.xcconfig"; sourceTree = "<group>"; };
		61EEB71DD691BAA6A1F3C7DC /* Pods_CryptocoinChallenge.framework */ = {isa = PBXFileReference; explicitFileType = wrapper.framework; includeInIndex = 0; path = Pods_CryptocoinChallenge.framework; sourceTree = BUILT_PRODUCTS_DIR; };
		EC99F19C24C742670006B9B1 /* CryptocoinChallenge.app */ = {isa = PBXFileReference; explicitFileType = wrapper.application; includeInIndex = 0; path = CryptocoinChallenge.app; sourceTree = BUILT_PRODUCTS_DIR; };
		EC99F19F24C742670006B9B1 /* AppDelegate.swift */ = {isa = PBXFileReference; lastKnownFileType = sourcecode.swift; path = AppDelegate.swift; sourceTree = "<group>"; };
		EC99F1A124C742670006B9B1 /* SceneDelegate.swift */ = {isa = PBXFileReference; lastKnownFileType = sourcecode.swift; path = SceneDelegate.swift; sourceTree = "<group>"; };
		EC99F1A824C742680006B9B1 /* Assets.xcassets */ = {isa = PBXFileReference; lastKnownFileType = folder.assetcatalog; path = Assets.xcassets; sourceTree = "<group>"; };
		EC99F1AB24C742680006B9B1 /* Base */ = {isa = PBXFileReference; lastKnownFileType = file.storyboard; name = Base; path = Base.lproj/LaunchScreen.storyboard; sourceTree = "<group>"; };
		EC99F1AD24C742680006B9B1 /* Info.plist */ = {isa = PBXFileReference; lastKnownFileType = text.plist.xml; path = Info.plist; sourceTree = "<group>"; };
		EC99F1B224C742680006B9B1 /* CryptocoinChallengeTests.xctest */ = {isa = PBXFileReference; explicitFileType = wrapper.cfbundle; includeInIndex = 0; path = CryptocoinChallengeTests.xctest; sourceTree = BUILT_PRODUCTS_DIR; };
		EC99F1B624C742680006B9B1 /* CryptocoinChallengeTests.swift */ = {isa = PBXFileReference; lastKnownFileType = sourcecode.swift; path = CryptocoinChallengeTests.swift; sourceTree = "<group>"; };
		EC99F1B824C742680006B9B1 /* Info.plist */ = {isa = PBXFileReference; lastKnownFileType = text.plist.xml; path = Info.plist; sourceTree = "<group>"; };
		EC99F1C624C743530006B9B1 /* CoordinatorRespectable.swift */ = {isa = PBXFileReference; lastKnownFileType = sourcecode.swift; path = CoordinatorRespectable.swift; sourceTree = "<group>"; };
		EC99F1C824C743930006B9B1 /* ApplicationCoordinator.swift */ = {isa = PBXFileReference; lastKnownFileType = sourcecode.swift; path = ApplicationCoordinator.swift; sourceTree = "<group>"; };
		EC99F1CA24C7441A0006B9B1 /* TabBarViewController.swift */ = {isa = PBXFileReference; lastKnownFileType = sourcecode.swift; path = TabBarViewController.swift; sourceTree = "<group>"; };
		EC99F1CC24C746B50006B9B1 /* AssetsController.swift */ = {isa = PBXFileReference; lastKnownFileType = sourcecode.swift; path = AssetsController.swift; sourceTree = "<group>"; };
		EC99F1CE24C746D10006B9B1 /* WalletsController.swift */ = {isa = PBXFileReference; lastKnownFileType = sourcecode.swift; path = WalletsController.swift; sourceTree = "<group>"; };
		EC99F1D224C764540006B9B1 /* UISegmentedControl+Extension.swift */ = {isa = PBXFileReference; lastKnownFileType = sourcecode.swift; path = "UISegmentedControl+Extension.swift"; sourceTree = "<group>"; };
		EC99F1D624C76A090006B9B1 /* SegmentedControlView.swift */ = {isa = PBXFileReference; lastKnownFileType = sourcecode.swift; path = SegmentedControlView.swift; sourceTree = "<group>"; };
		EC99F1D824C76B880006B9B1 /* BaseViewController.swift */ = {isa = PBXFileReference; lastKnownFileType = sourcecode.swift; path = BaseViewController.swift; sourceTree = "<group>"; };
		EC99F1DB24C76CE00006B9B1 /* UIStackView+Extension.swift */ = {isa = PBXFileReference; lastKnownFileType = sourcecode.swift; path = "UIStackView+Extension.swift"; sourceTree = "<group>"; };
		EC99F1DD24C7705E0006B9B1 /* UIViewController+Extension.swift */ = {isa = PBXFileReference; lastKnownFileType = sourcecode.swift; path = "UIViewController+Extension.swift"; sourceTree = "<group>"; };
		EC99F1E224C7843E0006B9B1 /* CryptocoinModel.swift */ = {isa = PBXFileReference; lastKnownFileType = sourcecode.swift; path = CryptocoinModel.swift; sourceTree = "<group>"; };
		EC99F1E424C784660006B9B1 /* CommodityModel.swift */ = {isa = PBXFileReference; lastKnownFileType = sourcecode.swift; path = CommodityModel.swift; sourceTree = "<group>"; };
		EC99F1E624C784770006B9B1 /* FiatModel.swift */ = {isa = PBXFileReference; lastKnownFileType = sourcecode.swift; path = FiatModel.swift; sourceTree = "<group>"; };
		EC99F1E824C784960006B9B1 /* WalletModel.swift */ = {isa = PBXFileReference; lastKnownFileType = sourcecode.swift; path = WalletModel.swift; sourceTree = "<group>"; };
		EC99F1EA24C784B40006B9B1 /* CommodityWalletModel.swift */ = {isa = PBXFileReference; lastKnownFileType = sourcecode.swift; path = CommodityWalletModel.swift; sourceTree = "<group>"; };
		EC99F1EC24C784D10006B9B1 /* FiatWalletModel.swift */ = {isa = PBXFileReference; lastKnownFileType = sourcecode.swift; path = FiatWalletModel.swift; sourceTree = "<group>"; };
		EC99F1F324C78EBC0006B9B1 /* CryptocoinViewModel.swift */ = {isa = PBXFileReference; lastKnownFileType = sourcecode.swift; path = CryptocoinViewModel.swift; sourceTree = "<group>"; };
		EC99F1F524C7915F0006B9B1 /* Mastrerdata.json */ = {isa = PBXFileReference; fileEncoding = 4; lastKnownFileType = text.json; path = Mastrerdata.json; sourceTree = "<group>"; };
		EC99F1F824C792130006B9B1 /* DataManager.swift */ = {isa = PBXFileReference; lastKnownFileType = sourcecode.swift; path = DataManager.swift; sourceTree = "<group>"; };
		EC99F1FA24C79ADE0006B9B1 /* CollectionBaseProtocol.swift */ = {isa = PBXFileReference; lastKnownFileType = sourcecode.swift; path = CollectionBaseProtocol.swift; sourceTree = "<group>"; };
		EC99F1FC24C87F790006B9B1 /* AssetsViewModel.swift */ = {isa = PBXFileReference; lastKnownFileType = sourcecode.swift; path = AssetsViewModel.swift; sourceTree = "<group>"; };
		EC99F1FF24C87F920006B9B1 /* WalletsViewModel.swift */ = {isa = PBXFileReference; lastKnownFileType = sourcecode.swift; path = WalletsViewModel.swift; sourceTree = "<group>"; };
		FECCC996869690EC75DD35BF /* Pods-CryptocoinChallenge.debug.xcconfig */ = {isa = PBXFileReference; includeInIndex = 1; lastKnownFileType = text.xcconfig; name = "Pods-CryptocoinChallenge.debug.xcconfig"; path = "Target Support Files/Pods-CryptocoinChallenge/Pods-CryptocoinChallenge.debug.xcconfig"; sourceTree = "<group>"; };
/* End PBXFileReference section */

/* Begin PBXFrameworksBuildPhase section */
		EC99F19924C742670006B9B1 /* Frameworks */ = {
			isa = PBXFrameworksBuildPhase;
			buildActionMask = 2147483647;
			files = (
				5C031513F4C4634DB0D5A99E /* Pods_CryptocoinChallenge.framework in Frameworks */,
			);
			runOnlyForDeploymentPostprocessing = 0;
		};
		EC99F1AF24C742680006B9B1 /* Frameworks */ = {
			isa = PBXFrameworksBuildPhase;
			buildActionMask = 2147483647;
			files = (
			);
			runOnlyForDeploymentPostprocessing = 0;
		};
/* End PBXFrameworksBuildPhase section */

/* Begin PBXGroup section */
		074885F672F785276A435F75 /* Frameworks */ = {
			isa = PBXGroup;
			children = (
				61EEB71DD691BAA6A1F3C7DC /* Pods_CryptocoinChallenge.framework */,
			);
			name = Frameworks;
			sourceTree = "<group>";
		};
		134785130BDDC9CC4AF27100 /* Pods */ = {
			isa = PBXGroup;
			children = (
				FECCC996869690EC75DD35BF /* Pods-CryptocoinChallenge.debug.xcconfig */,
				5C432043992ED172B8007188 /* Pods-CryptocoinChallenge.release.xcconfig */,
			);
			path = Pods;
			sourceTree = "<group>";
		};
		EC99F19324C742670006B9B1 = {
			isa = PBXGroup;
			children = (
				EC99F19E24C742670006B9B1 /* CryptocoinChallenge */,
				EC99F1B524C742680006B9B1 /* CryptocoinChallengeTests */,
				EC99F19D24C742670006B9B1 /* Products */,
				134785130BDDC9CC4AF27100 /* Pods */,
				074885F672F785276A435F75 /* Frameworks */,
			);
			sourceTree = "<group>";
		};
		EC99F19D24C742670006B9B1 /* Products */ = {
			isa = PBXGroup;
			children = (
				EC99F19C24C742670006B9B1 /* CryptocoinChallenge.app */,
				EC99F1B224C742680006B9B1 /* CryptocoinChallengeTests.xctest */,
			);
			name = Products;
			sourceTree = "<group>";
		};
		EC99F19E24C742670006B9B1 /* CryptocoinChallenge */ = {
			isa = PBXGroup;
			children = (
				EC99F1D424C767A40006B9B1 /* AppDelegate */,
				EC99F1D524C769F10006B9B1 /* Components */,
				EC99F1D124C764310006B9B1 /* Extensions */,
				EC99F1C324C742BB0006B9B1 /* Resources */,
				EC99F1C224C742B30006B9B1 /* Coordinators */,
				EC99F1F724C792010006B9B1 /* DataManager */,
				EC99F1DF24C77E5C0006B9B1 /* Models */,
				EC99F1C424C742DD0006B9B1 /* ViewModels */,
				EC99F1C124C7429E0006B9B1 /* ViewControllers */,
				EC99F1AA24C742680006B9B1 /* LaunchScreen.storyboard */,
				EC99F1AD24C742680006B9B1 /* Info.plist */,
			);
			path = CryptocoinChallenge;
			sourceTree = "<group>";
		};
		EC99F1B524C742680006B9B1 /* CryptocoinChallengeTests */ = {
			isa = PBXGroup;
			children = (
				EC99F1B624C742680006B9B1 /* CryptocoinChallengeTests.swift */,
				EC99F1B824C742680006B9B1 /* Info.plist */,
			);
			path = CryptocoinChallengeTests;
			sourceTree = "<group>";
		};
		EC99F1C124C7429E0006B9B1 /* ViewControllers */ = {
			isa = PBXGroup;
			children = (
				EC99F1D824C76B880006B9B1 /* BaseViewController.swift */,
				EC99F1CA24C7441A0006B9B1 /* TabBarViewController.swift */,
				EC99F1CC24C746B50006B9B1 /* AssetsController.swift */,
				EC99F1CE24C746D10006B9B1 /* WalletsController.swift */,
			);
			path = ViewControllers;
			sourceTree = "<group>";
		};
		EC99F1C224C742B30006B9B1 /* Coordinators */ = {
			isa = PBXGroup;
			children = (
				EC99F1C624C743530006B9B1 /* CoordinatorRespectable.swift */,
				EC99F1C824C743930006B9B1 /* ApplicationCoordinator.swift */,
			);
			path = Coordinators;
			sourceTree = "<group>";
		};
		EC99F1C324C742BB0006B9B1 /* Resources */ = {
			isa = PBXGroup;
			children = (
				EC99F1F524C7915F0006B9B1 /* Mastrerdata.json */,
				EC99F1A824C742680006B9B1 /* Assets.xcassets */,
			);
			path = Resources;
			sourceTree = "<group>";
		};
		EC99F1C424C742DD0006B9B1 /* ViewModels */ = {
			isa = PBXGroup;
			children = (
				EC99F1FC24C87F790006B9B1 /* AssetsViewModel.swift */,
				EC99F1FF24C87F920006B9B1 /* WalletsViewModel.swift */,
				EC99F1F324C78EBC0006B9B1 /* CryptocoinViewModel.swift */,
			);
			path = ViewModels;
			sourceTree = "<group>";
		};
		EC99F1D124C764310006B9B1 /* Extensions */ = {
			isa = PBXGroup;
			children = (
				EC99F1D224C764540006B9B1 /* UISegmentedControl+Extension.swift */,
				EC99F1DB24C76CE00006B9B1 /* UIStackView+Extension.swift */,
				EC99F1DD24C7705E0006B9B1 /* UIViewController+Extension.swift */,
			);
			path = Extensions;
			sourceTree = "<group>";
		};
		EC99F1D424C767A40006B9B1 /* AppDelegate */ = {
			isa = PBXGroup;
			children = (
				EC99F19F24C742670006B9B1 /* AppDelegate.swift */,
				EC99F1A124C742670006B9B1 /* SceneDelegate.swift */,
			);
			path = AppDelegate;
			sourceTree = "<group>";
		};
		EC99F1D524C769F10006B9B1 /* Components */ = {
			isa = PBXGroup;
			children = (
				EC99F1D624C76A090006B9B1 /* SegmentedControlView.swift */,
			);
			path = Components;
			sourceTree = "<group>";
		};
		EC99F1DF24C77E5C0006B9B1 /* Models */ = {
			isa = PBXGroup;
			children = (
				EC99F1FA24C79ADE0006B9B1 /* CollectionBaseProtocol.swift */,
				EC99F1E224C7843E0006B9B1 /* CryptocoinModel.swift */,
				EC99F1E424C784660006B9B1 /* CommodityModel.swift */,
				EC99F1E624C784770006B9B1 /* FiatModel.swift */,
				EC99F1E824C784960006B9B1 /* WalletModel.swift */,
				EC99F1EA24C784B40006B9B1 /* CommodityWalletModel.swift */,
				EC99F1EC24C784D10006B9B1 /* FiatWalletModel.swift */,
			);
			path = Models;
			sourceTree = "<group>";
		};
		EC99F1F724C792010006B9B1 /* DataManager */ = {
			isa = PBXGroup;
			children = (
				EC99F1F824C792130006B9B1 /* DataManager.swift */,
			);
			path = DataManager;
			sourceTree = "<group>";
		};
/* End PBXGroup section */

/* Begin PBXNativeTarget section */
		EC99F19B24C742670006B9B1 /* CryptocoinChallenge */ = {
			isa = PBXNativeTarget;
			buildConfigurationList = EC99F1BB24C742680006B9B1 /* Build configuration list for PBXNativeTarget "CryptocoinChallenge" */;
			buildPhases = (
				2CC7E79B55ABC02A32F95268 /* [CP] Check Pods Manifest.lock */,
				EC99F19824C742670006B9B1 /* Sources */,
				EC99F19924C742670006B9B1 /* Frameworks */,
				EC99F19A24C742670006B9B1 /* Resources */,
				734E7A0581A7D9848122CE14 /* [CP] Embed Pods Frameworks */,
			);
			buildRules = (
			);
			dependencies = (
			);
			name = CryptocoinChallenge;
			productName = CryptocoinChallenge;
			productReference = EC99F19C24C742670006B9B1 /* CryptocoinChallenge.app */;
			productType = "com.apple.product-type.application";
		};
		EC99F1B124C742680006B9B1 /* CryptocoinChallengeTests */ = {
			isa = PBXNativeTarget;
			buildConfigurationList = EC99F1BE24C742680006B9B1 /* Build configuration list for PBXNativeTarget "CryptocoinChallengeTests" */;
			buildPhases = (
				EC99F1AE24C742680006B9B1 /* Sources */,
				EC99F1AF24C742680006B9B1 /* Frameworks */,
				EC99F1B024C742680006B9B1 /* Resources */,
			);
			buildRules = (
			);
			dependencies = (
				EC99F1B424C742680006B9B1 /* PBXTargetDependency */,
			);
			name = CryptocoinChallengeTests;
			productName = CryptocoinChallengeTests;
			productReference = EC99F1B224C742680006B9B1 /* CryptocoinChallengeTests.xctest */;
			productType = "com.apple.product-type.bundle.unit-test";
		};
/* End PBXNativeTarget section */

/* Begin PBXProject section */
		EC99F19424C742670006B9B1 /* Project object */ = {
			isa = PBXProject;
			attributes = {
				LastSwiftUpdateCheck = 1130;
				LastUpgradeCheck = 1130;
				ORGANIZATIONNAME = "Iulia Jingoiu";
				TargetAttributes = {
					EC99F19B24C742670006B9B1 = {
						CreatedOnToolsVersion = 11.3.1;
					};
					EC99F1B124C742680006B9B1 = {
						CreatedOnToolsVersion = 11.3.1;
						TestTargetID = EC99F19B24C742670006B9B1;
					};
				};
			};
			buildConfigurationList = EC99F19724C742670006B9B1 /* Build configuration list for PBXProject "CryptocoinChallenge" */;
			compatibilityVersion = "Xcode 9.3";
			developmentRegion = en;
			hasScannedForEncodings = 0;
			knownRegions = (
				en,
				Base,
			);
			mainGroup = EC99F19324C742670006B9B1;
			productRefGroup = EC99F19D24C742670006B9B1 /* Products */;
			projectDirPath = "";
			projectRoot = "";
			targets = (
				EC99F19B24C742670006B9B1 /* CryptocoinChallenge */,
				EC99F1B124C742680006B9B1 /* CryptocoinChallengeTests */,
			);
		};
/* End PBXProject section */

/* Begin PBXResourcesBuildPhase section */
		EC99F19A24C742670006B9B1 /* Resources */ = {
			isa = PBXResourcesBuildPhase;
			buildActionMask = 2147483647;
			files = (
				EC99F1AC24C742680006B9B1 /* LaunchScreen.storyboard in Resources */,
				EC99F1A924C742680006B9B1 /* Assets.xcassets in Resources */,
				EC99F1F624C7915F0006B9B1 /* Mastrerdata.json in Resources */,
			);
			runOnlyForDeploymentPostprocessing = 0;
		};
		EC99F1B024C742680006B9B1 /* Resources */ = {
			isa = PBXResourcesBuildPhase;
			buildActionMask = 2147483647;
			files = (
			);
			runOnlyForDeploymentPostprocessing = 0;
		};
/* End PBXResourcesBuildPhase section */

/* Begin PBXShellScriptBuildPhase section */
		2CC7E79B55ABC02A32F95268 /* [CP] Check Pods Manifest.lock */ = {
			isa = PBXShellScriptBuildPhase;
			buildActionMask = 2147483647;
			files = (
			);
			inputFileListPaths = (
			);
			inputPaths = (
				"${PODS_PODFILE_DIR_PATH}/Podfile.lock",
				"${PODS_ROOT}/Manifest.lock",
			);
			name = "[CP] Check Pods Manifest.lock";
			outputFileListPaths = (
			);
			outputPaths = (
				"$(DERIVED_FILE_DIR)/Pods-CryptocoinChallenge-checkManifestLockResult.txt",
			);
			runOnlyForDeploymentPostprocessing = 0;
			shellPath = /bin/sh;
			shellScript = "diff \"${PODS_PODFILE_DIR_PATH}/Podfile.lock\" \"${PODS_ROOT}/Manifest.lock\" > /dev/null\nif [ $? != 0 ] ; then\n    # print error to STDERR\n    echo \"error: The sandbox is not in sync with the Podfile.lock. Run 'pod install' or update your CocoaPods installation.\" >&2\n    exit 1\nfi\n# This output is used by Xcode 'outputs' to avoid re-running this script phase.\necho \"SUCCESS\" > \"${SCRIPT_OUTPUT_FILE_0}\"\n";
			showEnvVarsInLog = 0;
		};
		734E7A0581A7D9848122CE14 /* [CP] Embed Pods Frameworks */ = {
			isa = PBXShellScriptBuildPhase;
			buildActionMask = 2147483647;
			files = (
			);
			inputFileListPaths = (
				"${PODS_ROOT}/Target Support Files/Pods-CryptocoinChallenge/Pods-CryptocoinChallenge-frameworks-${CONFIGURATION}-input-files.xcfilelist",
			);
			name = "[CP] Embed Pods Frameworks";
			outputFileListPaths = (
				"${PODS_ROOT}/Target Support Files/Pods-CryptocoinChallenge/Pods-CryptocoinChallenge-frameworks-${CONFIGURATION}-output-files.xcfilelist",
			);
			runOnlyForDeploymentPostprocessing = 0;
			shellPath = /bin/sh;
			shellScript = "\"${PODS_ROOT}/Target Support Files/Pods-CryptocoinChallenge/Pods-CryptocoinChallenge-frameworks.sh\"\n";
			showEnvVarsInLog = 0;
		};
/* End PBXShellScriptBuildPhase section */

/* Begin PBXSourcesBuildPhase section */
		EC99F19824C742670006B9B1 /* Sources */ = {
			isa = PBXSourcesBuildPhase;
			buildActionMask = 2147483647;
			files = (
				EC99F1ED24C784D10006B9B1 /* FiatWalletModel.swift in Sources */,
				EC99F1F924C792130006B9B1 /* DataManager.swift in Sources */,
				EC99F1E924C784960006B9B1 /* WalletModel.swift in Sources */,
				EC99F1E324C7843E0006B9B1 /* CryptocoinModel.swift in Sources */,
				EC99F1DE24C7705E0006B9B1 /* UIViewController+Extension.swift in Sources */,
				EC99F20024C87F920006B9B1 /* WalletsViewModel.swift in Sources */,
				EC99F1FD24C87F790006B9B1 /* AssetsViewModel.swift in Sources */,
				EC99F1D324C764540006B9B1 /* UISegmentedControl+Extension.swift in Sources */,
				EC99F1CB24C7441A0006B9B1 /* TabBarViewController.swift in Sources */,
				EC99F1CF24C746D10006B9B1 /* WalletsController.swift in Sources */,
				EC99F1E524C784660006B9B1 /* CommodityModel.swift in Sources */,
				EC99F1C724C743530006B9B1 /* CoordinatorRespectable.swift in Sources */,
				EC99F1D724C76A090006B9B1 /* SegmentedControlView.swift in Sources */,
				EC99F1D924C76B880006B9B1 /* BaseViewController.swift in Sources */,
				EC99F1CD24C746B50006B9B1 /* AssetsController.swift in Sources */,
				EC99F1FB24C79ADE0006B9B1 /* CollectionBaseProtocol.swift in Sources */,
				EC99F1A024C742670006B9B1 /* AppDelegate.swift in Sources */,
				EC99F1F424C78EBC0006B9B1 /* CryptocoinViewModel.swift in Sources */,
				EC99F1E724C784770006B9B1 /* FiatModel.swift in Sources */,
				EC99F1C924C743930006B9B1 /* ApplicationCoordinator.swift in Sources */,
				EC99F1D024C753500006B9B1 /* SceneDelegate.swift in Sources */,
				EC99F1DC24C76CE00006B9B1 /* UIStackView+Extension.swift in Sources */,
				EC99F1EB24C784B40006B9B1 /* CommodityWalletModel.swift in Sources */,
			);
			runOnlyForDeploymentPostprocessing = 0;
		};
		EC99F1AE24C742680006B9B1 /* Sources */ = {
			isa = PBXSourcesBuildPhase;
			buildActionMask = 2147483647;
			files = (
				EC99F1B724C742680006B9B1 /* CryptocoinChallengeTests.swift in Sources */,
			);
			runOnlyForDeploymentPostprocessing = 0;
		};
/* End PBXSourcesBuildPhase section */

/* Begin PBXTargetDependency section */
		EC99F1B424C742680006B9B1 /* PBXTargetDependency */ = {
			isa = PBXTargetDependency;
			target = EC99F19B24C742670006B9B1 /* CryptocoinChallenge */;
			targetProxy = EC99F1B324C742680006B9B1 /* PBXContainerItemProxy */;
		};
/* End PBXTargetDependency section */

/* Begin PBXVariantGroup section */
		EC99F1AA24C742680006B9B1 /* LaunchScreen.storyboard */ = {
			isa = PBXVariantGroup;
			children = (
				EC99F1AB24C742680006B9B1 /* Base */,
			);
			name = LaunchScreen.storyboard;
			sourceTree = "<group>";
		};
/* End PBXVariantGroup section */

/* Begin XCBuildConfiguration section */
		EC99F1B924C742680006B9B1 /* Debug */ = {
			isa = XCBuildConfiguration;
			buildSettings = {
				ALWAYS_SEARCH_USER_PATHS = NO;
				CLANG_ANALYZER_NONNULL = YES;
				CLANG_ANALYZER_NUMBER_OBJECT_CONVERSION = YES_AGGRESSIVE;
				CLANG_CXX_LANGUAGE_STANDARD = "gnu++14";
				CLANG_CXX_LIBRARY = "libc++";
				CLANG_ENABLE_MODULES = YES;
				CLANG_ENABLE_OBJC_ARC = YES;
				CLANG_ENABLE_OBJC_WEAK = YES;
				CLANG_WARN_BLOCK_CAPTURE_AUTORELEASING = YES;
				CLANG_WARN_BOOL_CONVERSION = YES;
				CLANG_WARN_COMMA = YES;
				CLANG_WARN_CONSTANT_CONVERSION = YES;
				CLANG_WARN_DEPRECATED_OBJC_IMPLEMENTATIONS = YES;
				CLANG_WARN_DIRECT_OBJC_ISA_USAGE = YES_ERROR;
				CLANG_WARN_DOCUMENTATION_COMMENTS = YES;
				CLANG_WARN_EMPTY_BODY = YES;
				CLANG_WARN_ENUM_CONVERSION = YES;
				CLANG_WARN_INFINITE_RECURSION = YES;
				CLANG_WARN_INT_CONVERSION = YES;
				CLANG_WARN_NON_LITERAL_NULL_CONVERSION = YES;
				CLANG_WARN_OBJC_IMPLICIT_RETAIN_SELF = YES;
				CLANG_WARN_OBJC_LITERAL_CONVERSION = YES;
				CLANG_WARN_OBJC_ROOT_CLASS = YES_ERROR;
				CLANG_WARN_RANGE_LOOP_ANALYSIS = YES;
				CLANG_WARN_STRICT_PROTOTYPES = YES;
				CLANG_WARN_SUSPICIOUS_MOVE = YES;
				CLANG_WARN_UNGUARDED_AVAILABILITY = YES_AGGRESSIVE;
				CLANG_WARN_UNREACHABLE_CODE = YES;
				CLANG_WARN__DUPLICATE_METHOD_MATCH = YES;
				COPY_PHASE_STRIP = NO;
				DEBUG_INFORMATION_FORMAT = dwarf;
				ENABLE_STRICT_OBJC_MSGSEND = YES;
				ENABLE_TESTABILITY = YES;
				GCC_C_LANGUAGE_STANDARD = gnu11;
				GCC_DYNAMIC_NO_PIC = NO;
				GCC_NO_COMMON_BLOCKS = YES;
				GCC_OPTIMIZATION_LEVEL = 0;
				GCC_PREPROCESSOR_DEFINITIONS = (
					"DEBUG=1",
					"$(inherited)",
				);
				GCC_WARN_64_TO_32_BIT_CONVERSION = YES;
				GCC_WARN_ABOUT_RETURN_TYPE = YES_ERROR;
				GCC_WARN_UNDECLARED_SELECTOR = YES;
				GCC_WARN_UNINITIALIZED_AUTOS = YES_AGGRESSIVE;
				GCC_WARN_UNUSED_FUNCTION = YES;
				GCC_WARN_UNUSED_VARIABLE = YES;
				IPHONEOS_DEPLOYMENT_TARGET = 12.0;
				MTL_ENABLE_DEBUG_INFO = INCLUDE_SOURCE;
				MTL_FAST_MATH = YES;
				ONLY_ACTIVE_ARCH = YES;
				SDKROOT = iphoneos;
				SWIFT_ACTIVE_COMPILATION_CONDITIONS = DEBUG;
				SWIFT_OPTIMIZATION_LEVEL = "-Onone";
			};
			name = Debug;
		};
		EC99F1BA24C742680006B9B1 /* Release */ = {
			isa = XCBuildConfiguration;
			buildSettings = {
				ALWAYS_SEARCH_USER_PATHS = NO;
				CLANG_ANALYZER_NONNULL = YES;
				CLANG_ANALYZER_NUMBER_OBJECT_CONVERSION = YES_AGGRESSIVE;
				CLANG_CXX_LANGUAGE_STANDARD = "gnu++14";
				CLANG_CXX_LIBRARY = "libc++";
				CLANG_ENABLE_MODULES = YES;
				CLANG_ENABLE_OBJC_ARC = YES;
				CLANG_ENABLE_OBJC_WEAK = YES;
				CLANG_WARN_BLOCK_CAPTURE_AUTORELEASING = YES;
				CLANG_WARN_BOOL_CONVERSION = YES;
				CLANG_WARN_COMMA = YES;
				CLANG_WARN_CONSTANT_CONVERSION = YES;
				CLANG_WARN_DEPRECATED_OBJC_IMPLEMENTATIONS = YES;
				CLANG_WARN_DIRECT_OBJC_ISA_USAGE = YES_ERROR;
				CLANG_WARN_DOCUMENTATION_COMMENTS = YES;
				CLANG_WARN_EMPTY_BODY = YES;
				CLANG_WARN_ENUM_CONVERSION = YES;
				CLANG_WARN_INFINITE_RECURSION = YES;
				CLANG_WARN_INT_CONVERSION = YES;
				CLANG_WARN_NON_LITERAL_NULL_CONVERSION = YES;
				CLANG_WARN_OBJC_IMPLICIT_RETAIN_SELF = YES;
				CLANG_WARN_OBJC_LITERAL_CONVERSION = YES;
				CLANG_WARN_OBJC_ROOT_CLASS = YES_ERROR;
				CLANG_WARN_RANGE_LOOP_ANALYSIS = YES;
				CLANG_WARN_STRICT_PROTOTYPES = YES;
				CLANG_WARN_SUSPICIOUS_MOVE = YES;
				CLANG_WARN_UNGUARDED_AVAILABILITY = YES_AGGRESSIVE;
				CLANG_WARN_UNREACHABLE_CODE = YES;
				CLANG_WARN__DUPLICATE_METHOD_MATCH = YES;
				COPY_PHASE_STRIP = NO;
				DEBUG_INFORMATION_FORMAT = "dwarf-with-dsym";
				ENABLE_NS_ASSERTIONS = NO;
				ENABLE_STRICT_OBJC_MSGSEND = YES;
				GCC_C_LANGUAGE_STANDARD = gnu11;
				GCC_NO_COMMON_BLOCKS = YES;
				GCC_WARN_64_TO_32_BIT_CONVERSION = YES;
				GCC_WARN_ABOUT_RETURN_TYPE = YES_ERROR;
				GCC_WARN_UNDECLARED_SELECTOR = YES;
				GCC_WARN_UNINITIALIZED_AUTOS = YES_AGGRESSIVE;
				GCC_WARN_UNUSED_FUNCTION = YES;
				GCC_WARN_UNUSED_VARIABLE = YES;
				IPHONEOS_DEPLOYMENT_TARGET = 12.0;
				MTL_ENABLE_DEBUG_INFO = NO;
				MTL_FAST_MATH = YES;
				SDKROOT = iphoneos;
				SWIFT_COMPILATION_MODE = wholemodule;
				SWIFT_OPTIMIZATION_LEVEL = "-O";
				VALIDATE_PRODUCT = YES;
			};
			name = Release;
		};
		EC99F1BC24C742680006B9B1 /* Debug */ = {
			isa = XCBuildConfiguration;
			baseConfigurationReference = FECCC996869690EC75DD35BF /* Pods-CryptocoinChallenge.debug.xcconfig */;
			buildSettings = {
				ASSETCATALOG_COMPILER_APPICON_NAME = AppIcon;
				CODE_SIGN_STYLE = Automatic;
				DEVELOPMENT_TEAM = 6SQ4ZEQ967;
				INFOPLIST_FILE = CryptocoinChallenge/Info.plist;
				LD_RUNPATH_SEARCH_PATHS = (
					"$(inherited)",
					"@executable_path/Frameworks",
				);
				PRODUCT_BUNDLE_IDENTIFIER = com.iulia.CryptocoinChallenge;
				PRODUCT_NAME = "$(TARGET_NAME)";
				SWIFT_VERSION = 5.0;
				TARGETED_DEVICE_FAMILY = "1,2";
			};
			name = Debug;
		};
		EC99F1BD24C742680006B9B1 /* Release */ = {
			isa = XCBuildConfiguration;
			baseConfigurationReference = 5C432043992ED172B8007188 /* Pods-CryptocoinChallenge.release.xcconfig */;
			buildSettings = {
				ASSETCATALOG_COMPILER_APPICON_NAME = AppIcon;
				CODE_SIGN_STYLE = Automatic;
				DEVELOPMENT_TEAM = 6SQ4ZEQ967;
				INFOPLIST_FILE = CryptocoinChallenge/Info.plist;
				LD_RUNPATH_SEARCH_PATHS = (
					"$(inherited)",
					"@executable_path/Frameworks",
				);
				PRODUCT_BUNDLE_IDENTIFIER = com.iulia.CryptocoinChallenge;
				PRODUCT_NAME = "$(TARGET_NAME)";
				SWIFT_VERSION = 5.0;
				TARGETED_DEVICE_FAMILY = "1,2";
			};
			name = Release;
		};
		EC99F1BF24C742680006B9B1 /* Debug */ = {
			isa = XCBuildConfiguration;
			buildSettings = {
				ALWAYS_EMBED_SWIFT_STANDARD_LIBRARIES = YES;
				BUNDLE_LOADER = "$(TEST_HOST)";
				CODE_SIGN_STYLE = Automatic;
				DEVELOPMENT_TEAM = 6SQ4ZEQ967;
				INFOPLIST_FILE = CryptocoinChallengeTests/Info.plist;
				IPHONEOS_DEPLOYMENT_TARGET = 13.2;
				LD_RUNPATH_SEARCH_PATHS = (
					"$(inherited)",
					"@executable_path/Frameworks",
					"@loader_path/Frameworks",
				);
				PRODUCT_BUNDLE_IDENTIFIER = com.iulia.CryptocoinChallengeTests;
				PRODUCT_NAME = "$(TARGET_NAME)";
				SWIFT_VERSION = 5.0;
				TARGETED_DEVICE_FAMILY = "1,2";
				TEST_HOST = "$(BUILT_PRODUCTS_DIR)/CryptocoinChallenge.app/CryptocoinChallenge";
			};
			name = Debug;
		};
		EC99F1C024C742680006B9B1 /* Release */ = {
			isa = XCBuildConfiguration;
			buildSettings = {
				ALWAYS_EMBED_SWIFT_STANDARD_LIBRARIES = YES;
				BUNDLE_LOADER = "$(TEST_HOST)";
				CODE_SIGN_STYLE = Automatic;
				DEVELOPMENT_TEAM = 6SQ4ZEQ967;
				INFOPLIST_FILE = CryptocoinChallengeTests/Info.plist;
				IPHONEOS_DEPLOYMENT_TARGET = 13.2;
				LD_RUNPATH_SEARCH_PATHS = (
					"$(inherited)",
					"@executable_path/Frameworks",
					"@loader_path/Frameworks",
				);
				PRODUCT_BUNDLE_IDENTIFIER = com.iulia.CryptocoinChallengeTests;
				PRODUCT_NAME = "$(TARGET_NAME)";
				SWIFT_VERSION = 5.0;
				TARGETED_DEVICE_FAMILY = "1,2";
				TEST_HOST = "$(BUILT_PRODUCTS_DIR)/CryptocoinChallenge.app/CryptocoinChallenge";
			};
			name = Release;
		};
/* End XCBuildConfiguration section */

/* Begin XCConfigurationList section */
		EC99F19724C742670006B9B1 /* Build configuration list for PBXProject "CryptocoinChallenge" */ = {
			isa = XCConfigurationList;
			buildConfigurations = (
				EC99F1B924C742680006B9B1 /* Debug */,
				EC99F1BA24C742680006B9B1 /* Release */,
			);
			defaultConfigurationIsVisible = 0;
			defaultConfigurationName = Release;
		};
		EC99F1BB24C742680006B9B1 /* Build configuration list for PBXNativeTarget "CryptocoinChallenge" */ = {
			isa = XCConfigurationList;
			buildConfigurations = (
				EC99F1BC24C742680006B9B1 /* Debug */,
				EC99F1BD24C742680006B9B1 /* Release */,
			);
			defaultConfigurationIsVisible = 0;
			defaultConfigurationName = Release;
		};
		EC99F1BE24C742680006B9B1 /* Build configuration list for PBXNativeTarget "CryptocoinChallengeTests" */ = {
			isa = XCConfigurationList;
			buildConfigurations = (
				EC99F1BF24C742680006B9B1 /* Debug */,
				EC99F1C024C742680006B9B1 /* Release */,
			);
			defaultConfigurationIsVisible = 0;
			defaultConfigurationName = Release;
		};
/* End XCConfigurationList section */
	};
	rootObject = EC99F19424C742670006B9B1 /* Project object */;
}
